// !$*UTF8*$!
{
	archiveVersion = 1;
	classes = {
	};
	objectVersion = 46;
	objects = {

/* Begin PBXBuildFile section */
		194559A41C4F97F3006DFB49 /* AppDelegate.swift in Sources */ = {isa = PBXBuildFile; fileRef = 194559A31C4F97F3006DFB49 /* AppDelegate.swift */; };
		194559A61C4F97F3006DFB49 /* ViewController.swift in Sources */ = {isa = PBXBuildFile; fileRef = 194559A51C4F97F3006DFB49 /* ViewController.swift */; };
		194559A91C4F97F3006DFB49 /* Main.storyboard in Resources */ = {isa = PBXBuildFile; fileRef = 194559A71C4F97F3006DFB49 /* Main.storyboard */; };
		194559AB1C4F97F3006DFB49 /* Assets.xcassets in Resources */ = {isa = PBXBuildFile; fileRef = 194559AA1C4F97F3006DFB49 /* Assets.xcassets */; };
		194559AE1C4F97F3006DFB49 /* LaunchScreen.storyboard in Resources */ = {isa = PBXBuildFile; fileRef = 194559AC1C4F97F3006DFB49 /* LaunchScreen.storyboard */; };
/* End PBXBuildFile section */

/* Begin PBXFileReference section */
		194559A01C4F97F3006DFB49 /* UIScrollViewDemo.app */ = {isa = PBXFileReference; explicitFileType = wrapper.application; includeInIndex = 0; path = UIScrollViewDemo.app; sourceTree = BUILT_PRODUCTS_DIR; };
		194559A31C4F97F3006DFB49 /* AppDelegate.swift */ = {isa = PBXFileReference; lastKnownFileType = sourcecode.swift; path = AppDelegate.swift; sourceTree = "<group>"; };
		194559A51C4F97F3006DFB49 /* ViewController.swift */ = {isa = PBXFileReference; lastKnownFileType = sourcecode.swift; path = ViewController.swift; sourceTree = "<group>"; };
		194559A81C4F97F3006DFB49 /* Base */ = {isa = PBXFileReference; lastKnownFileType = file.storyboard; name = Base; path = Base.lproj/Main.storyboard; sourceTree = "<group>"; };
		194559AA1C4F97F3006DFB49 /* Assets.xcassets */ = {isa = PBXFileReference; lastKnownFileType = folder.assetcatalog; path = Assets.xcassets; sourceTree = "<group>"; };
		194559AD1C4F97F3006DFB49 /* Base */ = {isa = PBXFileReference; lastKnownFileType = file.storyboard; name = Base; path = Base.lproj/LaunchScreen.storyboard; sourceTree = "<group>"; };
		194559AF1C4F97F3006DFB49 /* Info.plist */ = {isa = PBXFileReference; lastKnownFileType = text.plist.xml; path = Info.plist; sourceTree = "<group>"; };
/* End PBXFileReference section */

/* Begin PBXFrameworksBuildPhase section */
		1945599D1C4F97F3006DFB49 /* Frameworks */ = {
			isa = PBXFrameworksBuildPhase;
			buildActionMask = 2147483647;
			files = (
			);
			runOnlyForDeploymentPostprocessing = 0;
		};
/* End PBXFrameworksBuildPhase section */

/* Begin PBXGroup section */
		194559971C4F97F3006DFB49 = {
			isa = PBXGroup;
			children = (
				194559A21C4F97F3006DFB49 /* UIScrollViewDemo */,
				194559A11C4F97F3006DFB49 /* Products */,
			);
			sourceTree = "<group>";
		};
		194559A11C4F97F3006DFB49 /* Products */ = {
			isa = PBXGroup;
			children = (
				194559A01C4F97F3006DFB49 /* UIScrollViewDemo.app */,
			);
			name = Products;
			sourceTree = "<group>";
		};
		194559A21C4F97F3006DFB49 /* UIScrollViewDemo */ = {
			isa = PBXGroup;
			children = (
				194559A31C4F97F3006DFB49 /* AppDelegate.swift */,
				194559A51C4F97F3006DFB49 /* ViewController.swift */,
				194559A71C4F97F3006DFB49 /* Main.storyboard */,
				194559AA1C4F97F3006DFB49 /* Assets.xcassets */,
				194559AC1C4F97F3006DFB49 /* LaunchScreen.storyboard */,
				194559AF1C4F97F3006DFB49 /* Info.plist */,
			);
			path = UIScrollViewDemo;
			sourceTree = "<group>";
		};
/* End PBXGroup section */

/* Begin PBXNativeTarget section */
		1945599F1C4F97F3006DFB49 /* UIScrollViewDemo */ = {
			isa = PBXNativeTarget;
			buildConfigurationList = 194559B21C4F97F3006DFB49 /* Build configuration list for PBXNativeTarget "UIScrollViewDemo" */;
			buildPhases = (
				1945599C1C4F97F3006DFB49 /* Sources */,
				1945599D1C4F97F3006DFB49 /* Frameworks */,
				1945599E1C4F97F3006DFB49 /* Resources */,
			);
			buildRules = (
			);
			dependencies = (
			);
			name = UIScrollViewDemo;
			productName = UIScrollViewDemo;
			productReference = 194559A01C4F97F3006DFB49 /* UIScrollViewDemo.app */;
			productType = "com.apple.product-type.application";
		};
/* End PBXNativeTarget section */

/* Begin PBXProject section */
		194559981C4F97F3006DFB49 /* Project object */ = {
			isa = PBXProject;
			attributes = {
				LastSwiftUpdateCheck = 0720;
				LastUpgradeCheck = 0720;
				ORGANIZATIONNAME = Th;
				TargetAttributes = {
					1945599F1C4F97F3006DFB49 = {
						CreatedOnToolsVersion = 7.2;
						DevelopmentTeam = J6UV2AE3CT;
					};
				};
			};
			buildConfigurationList = 1945599B1C4F97F3006DFB49 /* Build configuration list for PBXProject "UIScrollViewDemo" */;
			compatibilityVersion = "Xcode 3.2";
			developmentRegion = English;
			hasScannedForEncodings = 0;
			knownRegions = (
				en,
				Base,
			);
			mainGroup = 194559971C4F97F3006DFB49;
			productRefGroup = 194559A11C4F97F3006DFB49 /* Products */;
			projectDirPath = "";
			projectRoot = "";
			targets = (
				1945599F1C4F97F3006DFB49 /* UIScrollViewDemo */,
			);
		};
/* End PBXProject section */

/* Begin PBXResourcesBuildPhase section */
		1945599E1C4F97F3006DFB49 /* Resources */ = {
			isa = PBXResourcesBuildPhase;
			buildActionMask = 2147483647;
			files = (
				194559AE1C4F97F3006DFB49 /* LaunchScreen.storyboard in Resources */,
				194559AB1C4F97F3006DFB49 /* Assets.xcassets in Resources */,
				194559A91C4F97F3006DFB49 /* Main.storyboard in Resources */,
			);
			runOnlyForDeploymentPostprocessing = 0;
		};
/* End PBXResourcesBuildPhase section */

/* Begin PBXSourcesBuildPhase section */
		1945599C1C4F97F3006DFB49 /* Sources */ = {
			isa = PBXSourcesBuildPhase;
			buildActionMask = 2147483647;
			files = (
				194559A61C4F97F3006DFB49 /* ViewController.swift in Sources */,
				194559A41C4F97F3006DFB49 /* AppDelegate.swift in Sources */,
			);
			runOnlyForDeploymentPostprocessing = 0;
		};
/* End PBXSourcesBuildPhase section */

/* Begin PBXVariantGroup section */
		194559A71C4F97F3006DFB49 /* Main.storyboard */ = {
			isa = PBXVariantGroup;
			children = (
				194559A81C4F97F3006DFB49 /* Base */,
			);
			name = Main.storyboard;
			sourceTree = "<group>";
		};
		194559AC1C4F97F3006DFB49 /* LaunchScreen.storyboard */ = {
			isa = PBXVariantGroup;
			children = (
				194559AD1C4F97F3006DFB49 /* Base */,
			);
			name = LaunchScreen.storyboard;
			sourceTree = "<group>";
		};
/* End PBXVariantGroup section */

/* Begin XCBuildConfiguration section */
		194559B01C4F97F3006DFB49 /* Debug */ = {
			isa = XCBuildConfiguration;
			buildSettings = {
				ALWAYS_SEARCH_USER_PATHS = NO;
				CLANG_CXX_LANGUAGE_STANDARD = "gnu++0x";
				CLANG_CXX_LIBRARY = "libc++";
				CLANG_ENABLE_MODULES = YES;
				CLANG_ENABLE_OBJC_ARC = YES;
				CLANG_WARN_BOOL_CONVERSION = YES;
				CLANG_WARN_CONSTANT_CONVERSION = YES;
				CLANG_WARN_DIRECT_OBJC_ISA_USAGE = YES_ERROR;
				CLANG_WARN_EMPTY_BODY = YES;
				CLANG_WARN_ENUM_CONVERSION = YES;
				CLANG_WARN_INT_CONVERSION = YES;
				CLANG_WARN_OBJC_ROOT_CLASS = YES_ERROR;
				CLANG_WARN_UNREACHABLE_CODE = YES;
				CLANG_WARN__DUPLICATE_METHOD_MATCH = YES;
				"CODE_SIGN_IDENTITY[sdk=iphoneos*]" = "iPhone Developer";
				COPY_PHASE_STRIP = NO;
				DEBUG_INFORMATION_FORMAT = dwarf;
				ENABLE_STRICT_OBJC_MSGSEND = YES;
				ENABLE_TESTABILITY = YES;
				GCC_C_LANGUAGE_STANDARD = gnu99;
				GCC_DYNAMIC_NO_PIC = NO;
				GCC_NO_COMMON_BLOCKS = YES;
				GCC_OPTIMIZATION_LEVEL = 0;
				GCC_PREPROCESSOR_DEFINITIONS = (
					"DEBUG=1",
					"$(inherited)",
				);
				GCC_WARN_64_TO_32_BIT_CONVERSION = YES;
				GCC_WARN_ABOUT_RETURN_TYPE = YES_ERROR;
				GCC_WARN_UNDECLARED_SELECTOR = YES;
				GCC_WARN_UNINITIALIZED_AUTOS = YES_AGGRESSIVE;
				GCC_WARN_UNUSED_FUNCTION = YES;
				GCC_WARN_UNUSED_VARIABLE = YES;
				IPHONEOS_DEPLOYMENT_TARGET = 9.2;
				MTL_ENABLE_DEBUG_INFO = YES;
				ONLY_ACTIVE_ARCH = YES;
				SDKROOT = iphoneos;
				SWIFT_OPTIMIZATION_LEVEL = "-Onone";
				TARGETED_DEVICE_FAMILY = "1,2";
			};
			name = Debug;
		};
		194559B11C4F97F3006DFB49 /* Release */ = {
			isa = XCBuildConfiguration;
			buildSettings = {
				ALWAYS_SEARCH_USER_PATHS = NO;
				CLANG_CXX_LANGUAGE_STANDARD = "gnu++0x";
				CLANG_CXX_LIBRARY = "libc++";
				CLANG_ENABLE_MODULES = YES;
				CLANG_ENABLE_OBJC_ARC = YES;
				CLANG_WARN_BOOL_CONVERSION = YES;
				CLANG_WARN_CONSTANT_CONVERSION = YES;
				CLANG_WARN_DIRECT_OBJC_ISA_USAGE = YES_ERROR;
				CLANG_WARN_EMPTY_BODY = YES;
				CLANG_WARN_ENUM_CONVERSION = YES;
				CLANG_WARN_INT_CONVERSION = YES;
				CLANG_WARN_OBJC_ROOT_CLASS = YES_ERROR;
				CLANG_WARN_UNREACHABLE_CODE = YES;
				CLANG_WARN__DUPLICATE_METHOD_MATCH = YES;
				"CODE_SIGN_IDENTITY[sdk=iphoneos*]" = "iPhone Developer";
				COPY_PHASE_STRIP = NO;
				DEBUG_INFORMATION_FORMAT = "dwarf-with-dsym";
				ENABLE_NS_ASSERTIONS = NO;
				ENABLE_STRICT_OBJC_MSGSEND = YES;
				GCC_C_LANGUAGE_STANDARD = gnu99;
				GCC_NO_COMMON_BLOCKS = YES;
				GCC_WARN_64_TO_32_BIT_CONVERSION = YES;
				GCC_WARN_ABOUT_RETURN_TYPE = YES_ERROR;
				GCC_WARN_UNDECLARED_SELECTOR = YES;
				GCC_WARN_UNINITIALIZED_AUTOS = YES_AGGRESSIVE;
				GCC_WARN_UNUSED_FUNCTION = YES;
				GCC_WARN_UNUSED_VARIABLE = YES;
				IPHONEOS_DEPLOYMENT_TARGET = 9.2;
				MTL_ENABLE_DEBUG_INFO = NO;
				SDKROOT = iphoneos;
				TARGETED_DEVICE_FAMILY = "1,2";
				VALIDATE_PRODUCT = YES;
			};
			name = Release;
		};
		194559B31C4F97F3006DFB49 /* Debug */ = {
			isa = XCBuildConfiguration;
			buildSettings = {
				ASSETCATALOG_COMPILER_APPICON_NAME = AppIcon;
				INFOPLIST_FILE = UIScrollViewDemo/Info.plist;
				LD_RUNPATH_SEARCH_PATHS = "$(inherited) @executable_path/Frameworks";
				PRODUCT_BUNDLE_IDENTIFIER = tonghu.UIScrollViewDemo;
				PRODUCT_NAME = "$(TARGET_NAME)";
			};
			name = Debug;
		};
		194559B41C4F97F3006DFB49 /* Release */ = {
			isa = XCBuildConfiguration;
			buildSettings = {
				ASSETCATALOG_COMPILER_APPICON_NAME = AppIcon;
				INFOPLIST_FILE = UIScrollViewDemo/Info.plist;
				LD_RUNPATH_SEARCH_PATHS = "$(inherited) @executable_path/Frameworks";
				PRODUCT_BUNDLE_IDENTIFIER = tonghu.UIScrollViewDemo;
				PRODUCT_NAME = "$(TARGET_NAME)";
			};
			name = Release;
		};
/* End XCBuildConfiguration section */

/* Begin XCConfigurationList section */
		1945599B1C4F97F3006DFB49 /* Build configuration list for PBXProject "UIScrollViewDemo" */ = {
			isa = XCConfigurationList;
			buildConfigurations = (
				194559B01C4F97F3006DFB49 /* Debug */,
				194559B11C4F97F3006DFB49 /* Release */,
			);
			defaultConfigurationIsVisible = 0;
			defaultConfigurationName = Release;
		};
		194559B21C4F97F3006DFB49 /* Build configuration list for PBXNativeTarget "UIScrollViewDemo" */ = {
			isa = XCConfigurationList;
			buildConfigurations = (
				194559B31C4F97F3006DFB49 /* Debug */,
				194559B41C4F97F3006DFB49 /* Release */,
			);
			defaultConfigurationIsVisible = 0;
		};
/* End XCConfigurationList section */
	};
	rootObject = 194559981C4F97F3006DFB49 /* Project object */;
}
